// !$*UTF8*$!
{
	archiveVersion = 1;
	classes = {
	};
	objectVersion = 55;
	objects = {

/* Begin PBXBuildFile section */
		42AF0C5FC614EE4E1B447C57 /* Pods_LoginPageSwiftUI.framework in Frameworks */ = {isa = PBXBuildFile; fileRef = 071A445486300598C1D17C5B /* Pods_LoginPageSwiftUI.framework */; };
		51AFE2E028C6C89700D69B88 /* LoginPageSwiftUIApp.swift in Sources */ = {isa = PBXBuildFile; fileRef = 51AFE2DF28C6C89700D69B88 /* LoginPageSwiftUIApp.swift */; };
		51AFE2E228C6C89700D69B88 /* ContentView.swift in Sources */ = {isa = PBXBuildFile; fileRef = 51AFE2E128C6C89700D69B88 /* ContentView.swift */; };
		51AFE2E428C6C89900D69B88 /* Assets.xcassets in Resources */ = {isa = PBXBuildFile; fileRef = 51AFE2E328C6C89900D69B88 /* Assets.xcassets */; };
		51AFE2E728C6C89900D69B88 /* Preview Assets.xcassets in Resources */ = {isa = PBXBuildFile; fileRef = 51AFE2E628C6C89900D69B88 /* Preview Assets.xcassets */; };
		51FAF20928C6D5940065BCA7 /* ManagerAPI.swift in Sources */ = {isa = PBXBuildFile; fileRef = 51FAF20828C6D5940065BCA7 /* ManagerAPI.swift */; };
		51FAF20B28C6D6E50065BCA7 /* Models.swift in Sources */ = {isa = PBXBuildFile; fileRef = 51FAF20A28C6D6E50065BCA7 /* Models.swift */; };
		51FAF20D28C6D8FD0065BCA7 /* ServiceAPI.swift in Sources */ = {isa = PBXBuildFile; fileRef = 51FAF20C28C6D8FD0065BCA7 /* ServiceAPI.swift */; };
		51FAF20F28C6DD2D0065BCA7 /* LoginViewModel.swift in Sources */ = {isa = PBXBuildFile; fileRef = 51FAF20E28C6DD2D0065BCA7 /* LoginViewModel.swift */; };
		51FAF21128C6DEF80065BCA7 /* Extension.swift in Sources */ = {isa = PBXBuildFile; fileRef = 51FAF21028C6DEF80065BCA7 /* Extension.swift */; };
		51FAF21328C6E1650065BCA7 /* AppConstants.swift in Sources */ = {isa = PBXBuildFile; fileRef = 51FAF21228C6E1650065BCA7 /* AppConstants.swift */; };
		51FAF21528C6E4590065BCA7 /* AppDelegate.swift in Sources */ = {isa = PBXBuildFile; fileRef = 51FAF21428C6E4590065BCA7 /* AppDelegate.swift */; };
		51FAF22028C87E1F0065BCA7 /* LoginView.swift in Sources */ = {isa = PBXBuildFile; fileRef = 51FAF21F28C87E1F0065BCA7 /* LoginView.swift */; };
		51FAF22228C87E600065BCA7 /* UserProfileView.swift in Sources */ = {isa = PBXBuildFile; fileRef = 51FAF22128C87E5F0065BCA7 /* UserProfileView.swift */; };
/* End PBXBuildFile section */

/* Begin PBXFileReference section */
		071A445486300598C1D17C5B /* Pods_LoginPageSwiftUI.framework */ = {isa = PBXFileReference; explicitFileType = wrapper.framework; includeInIndex = 0; path = Pods_LoginPageSwiftUI.framework; sourceTree = BUILT_PRODUCTS_DIR; };
		344F2705F521F62683E84A0F /* Pods-LoginPageSwiftUI.release.xcconfig */ = {isa = PBXFileReference; includeInIndex = 1; lastKnownFileType = text.xcconfig; name = "Pods-LoginPageSwiftUI.release.xcconfig"; path = "Target Support Files/Pods-LoginPageSwiftUI/Pods-LoginPageSwiftUI.release.xcconfig"; sourceTree = "<group>"; };
		51AFE2DC28C6C89700D69B88 /* LoginPageSwiftUI.app */ = {isa = PBXFileReference; explicitFileType = wrapper.application; includeInIndex = 0; path = LoginPageSwiftUI.app; sourceTree = BUILT_PRODUCTS_DIR; };
		51AFE2DF28C6C89700D69B88 /* LoginPageSwiftUIApp.swift */ = {isa = PBXFileReference; lastKnownFileType = sourcecode.swift; path = LoginPageSwiftUIApp.swift; sourceTree = "<group>"; };
		51AFE2E128C6C89700D69B88 /* ContentView.swift */ = {isa = PBXFileReference; lastKnownFileType = sourcecode.swift; path = ContentView.swift; sourceTree = "<group>"; };
		51AFE2E328C6C89900D69B88 /* Assets.xcassets */ = {isa = PBXFileReference; lastKnownFileType = folder.assetcatalog; path = Assets.xcassets; sourceTree = "<group>"; };
		51AFE2E628C6C89900D69B88 /* Preview Assets.xcassets */ = {isa = PBXFileReference; lastKnownFileType = folder.assetcatalog; path = "Preview Assets.xcassets"; sourceTree = "<group>"; };
		51FAF20828C6D5940065BCA7 /* ManagerAPI.swift */ = {isa = PBXFileReference; lastKnownFileType = sourcecode.swift; path = ManagerAPI.swift; sourceTree = "<group>"; };
		51FAF20A28C6D6E50065BCA7 /* Models.swift */ = {isa = PBXFileReference; lastKnownFileType = sourcecode.swift; path = Models.swift; sourceTree = "<group>"; };
		51FAF20C28C6D8FD0065BCA7 /* ServiceAPI.swift */ = {isa = PBXFileReference; lastKnownFileType = sourcecode.swift; path = ServiceAPI.swift; sourceTree = "<group>"; };
		51FAF20E28C6DD2D0065BCA7 /* LoginViewModel.swift */ = {isa = PBXFileReference; lastKnownFileType = sourcecode.swift; path = LoginViewModel.swift; sourceTree = "<group>"; };
		51FAF21028C6DEF80065BCA7 /* Extension.swift */ = {isa = PBXFileReference; lastKnownFileType = sourcecode.swift; path = Extension.swift; sourceTree = "<group>"; };
		51FAF21228C6E1650065BCA7 /* AppConstants.swift */ = {isa = PBXFileReference; lastKnownFileType = sourcecode.swift; path = AppConstants.swift; sourceTree = "<group>"; };
		51FAF21428C6E4590065BCA7 /* AppDelegate.swift */ = {isa = PBXFileReference; lastKnownFileType = sourcecode.swift; path = AppDelegate.swift; sourceTree = "<group>"; };
		51FAF21F28C87E1F0065BCA7 /* LoginView.swift */ = {isa = PBXFileReference; lastKnownFileType = sourcecode.swift; path = LoginView.swift; sourceTree = "<group>"; };
		51FAF22128C87E5F0065BCA7 /* UserProfileView.swift */ = {isa = PBXFileReference; lastKnownFileType = sourcecode.swift; path = UserProfileView.swift; sourceTree = "<group>"; };
		B146C558D712C9F76452152B /* Pods-LoginPageSwiftUI.debug.xcconfig */ = {isa = PBXFileReference; includeInIndex = 1; lastKnownFileType = text.xcconfig; name = "Pods-LoginPageSwiftUI.debug.xcconfig"; path = "Target Support Files/Pods-LoginPageSwiftUI/Pods-LoginPageSwiftUI.debug.xcconfig"; sourceTree = "<group>"; };
/* End PBXFileReference section */

/* Begin PBXFrameworksBuildPhase section */
		51AFE2D928C6C89700D69B88 /* Frameworks */ = {
			isa = PBXFrameworksBuildPhase;
			buildActionMask = 2147483647;
			files = (
				42AF0C5FC614EE4E1B447C57 /* Pods_LoginPageSwiftUI.framework in Frameworks */,
			);
			runOnlyForDeploymentPostprocessing = 0;
		};
/* End PBXFrameworksBuildPhase section */

/* Begin PBXGroup section */
		51AFE2D328C6C89700D69B88 = {
			isa = PBXGroup;
			children = (
				51AFE2DE28C6C89700D69B88 /* LoginPageSwiftUI */,
				51AFE2DD28C6C89700D69B88 /* Products */,
				CDB3616D355674BE1DE51CD9 /* Pods */,
				CB9EF404F77DEEEEDDA904EA /* Frameworks */,
			);
			sourceTree = "<group>";
		};
		51AFE2DD28C6C89700D69B88 /* Products */ = {
			isa = PBXGroup;
			children = (
				51AFE2DC28C6C89700D69B88 /* LoginPageSwiftUI.app */,
			);
			name = Products;
			sourceTree = "<group>";
		};
		51AFE2DE28C6C89700D69B88 /* LoginPageSwiftUI */ = {
			isa = PBXGroup;
			children = (
				51AFE2DF28C6C89700D69B88 /* LoginPageSwiftUIApp.swift */,
				51AFE2E128C6C89700D69B88 /* ContentView.swift */,
				51FAF21428C6E4590065BCA7 /* AppDelegate.swift */,
				51FAF21E28C87DF20065BCA7 /* View */,
				51FAF21D28C87DCD0065BCA7 /* Model */,
				51FAF21C28C87D860065BCA7 /* Network */,
				51AFE2E328C6C89900D69B88 /* Assets.xcassets */,
				51AFE2E528C6C89900D69B88 /* Preview Content */,
			);
			path = LoginPageSwiftUI;
			sourceTree = "<group>";
		};
		51AFE2E528C6C89900D69B88 /* Preview Content */ = {
			isa = PBXGroup;
			children = (
				51AFE2E628C6C89900D69B88 /* Preview Assets.xcassets */,
			);
			path = "Preview Content";
			sourceTree = "<group>";
		};
		51FAF21C28C87D860065BCA7 /* Network */ = {
			isa = PBXGroup;
			children = (
				51FAF21028C6DEF80065BCA7 /* Extension.swift */,
				51FAF21228C6E1650065BCA7 /* AppConstants.swift */,
				51FAF20C28C6D8FD0065BCA7 /* ServiceAPI.swift */,
				51FAF20828C6D5940065BCA7 /* ManagerAPI.swift */,
			);
			path = Network;
			sourceTree = "<group>";
		};
		51FAF21D28C87DCD0065BCA7 /* Model */ = {
			isa = PBXGroup;
			children = (
				51FAF20A28C6D6E50065BCA7 /* Models.swift */,
			);
			path = Model;
			sourceTree = "<group>";
		};
		51FAF21E28C87DF20065BCA7 /* View */ = {
			isa = PBXGroup;
			children = (
				51FAF20E28C6DD2D0065BCA7 /* LoginViewModel.swift */,
				51FAF21F28C87E1F0065BCA7 /* LoginView.swift */,
				51FAF22128C87E5F0065BCA7 /* UserProfileView.swift */,
			);
			path = View;
			sourceTree = "<group>";
		};
		CB9EF404F77DEEEEDDA904EA /* Frameworks */ = {
			isa = PBXGroup;
			children = (
				071A445486300598C1D17C5B /* Pods_LoginPageSwiftUI.framework */,
			);
			name = Frameworks;
			sourceTree = "<group>";
		};
		CDB3616D355674BE1DE51CD9 /* Pods */ = {
			isa = PBXGroup;
			children = (
				B146C558D712C9F76452152B /* Pods-LoginPageSwiftUI.debug.xcconfig */,
				344F2705F521F62683E84A0F /* Pods-LoginPageSwiftUI.release.xcconfig */,
			);
			path = Pods;
			sourceTree = "<group>";
		};
/* End PBXGroup section */

/* Begin PBXNativeTarget section */
		51AFE2DB28C6C89700D69B88 /* LoginPageSwiftUI */ = {
			isa = PBXNativeTarget;
			buildConfigurationList = 51AFE2EA28C6C89900D69B88 /* Build configuration list for PBXNativeTarget "LoginPageSwiftUI" */;
			buildPhases = (
				D0083479433CB727E6E04DC3 /* [CP] Check Pods Manifest.lock */,
				51AFE2D828C6C89700D69B88 /* Sources */,
				51AFE2D928C6C89700D69B88 /* Frameworks */,
				51AFE2DA28C6C89700D69B88 /* Resources */,
				83C82A5DDE397A91B65989A2 /* [CP] Embed Pods Frameworks */,
			);
			buildRules = (
			);
			dependencies = (
			);
			name = LoginPageSwiftUI;
			productName = LoginPageSwiftUI;
			productReference = 51AFE2DC28C6C89700D69B88 /* LoginPageSwiftUI.app */;
			productType = "com.apple.product-type.application";
		};
/* End PBXNativeTarget section */

/* Begin PBXProject section */
		51AFE2D428C6C89700D69B88 /* Project object */ = {
			isa = PBXProject;
			attributes = {
				BuildIndependentTargetsInParallel = 1;
				LastSwiftUpdateCheck = 1340;
				LastUpgradeCheck = 1340;
				TargetAttributes = {
					51AFE2DB28C6C89700D69B88 = {
						CreatedOnToolsVersion = 13.4.1;
					};
				};
			};
			buildConfigurationList = 51AFE2D728C6C89700D69B88 /* Build configuration list for PBXProject "LoginPageSwiftUI" */;
			compatibilityVersion = "Xcode 13.0";
			developmentRegion = en;
			hasScannedForEncodings = 0;
			knownRegions = (
				en,
				Base,
			);
			mainGroup = 51AFE2D328C6C89700D69B88;
			productRefGroup = 51AFE2DD28C6C89700D69B88 /* Products */;
			projectDirPath = "";
			projectRoot = "";
			targets = (
				51AFE2DB28C6C89700D69B88 /* LoginPageSwiftUI */,
			);
		};
/* End PBXProject section */

/* Begin PBXResourcesBuildPhase section */
		51AFE2DA28C6C89700D69B88 /* Resources */ = {
			isa = PBXResourcesBuildPhase;
			buildActionMask = 2147483647;
			files = (
				51AFE2E728C6C89900D69B88 /* Preview Assets.xcassets in Resources */,
				51AFE2E428C6C89900D69B88 /* Assets.xcassets in Resources */,
			);
			runOnlyForDeploymentPostprocessing = 0;
		};
/* End PBXResourcesBuildPhase section */

/* Begin PBXShellScriptBuildPhase section */
		83C82A5DDE397A91B65989A2 /* [CP] Embed Pods Frameworks */ = {
			isa = PBXShellScriptBuildPhase;
			buildActionMask = 2147483647;
			files = (
			);
			inputFileListPaths = (
				"${PODS_ROOT}/Target Support Files/Pods-LoginPageSwiftUI/Pods-LoginPageSwiftUI-frameworks-${CONFIGURATION}-input-files.xcfilelist",
			);
			name = "[CP] Embed Pods Frameworks";
			outputFileListPaths = (
				"${PODS_ROOT}/Target Support Files/Pods-LoginPageSwiftUI/Pods-LoginPageSwiftUI-frameworks-${CONFIGURATION}-output-files.xcfilelist",
			);
			runOnlyForDeploymentPostprocessing = 0;
			shellPath = /bin/sh;
			shellScript = "\"${PODS_ROOT}/Target Support Files/Pods-LoginPageSwiftUI/Pods-LoginPageSwiftUI-frameworks.sh\"\n";
			showEnvVarsInLog = 0;
		};
		D0083479433CB727E6E04DC3 /* [CP] Check Pods Manifest.lock */ = {
			isa = PBXShellScriptBuildPhase;
			buildActionMask = 2147483647;
			files = (
			);
			inputFileListPaths = (
			);
			inputPaths = (
				"${PODS_PODFILE_DIR_PATH}/Podfile.lock",
				"${PODS_ROOT}/Manifest.lock",
			);
			name = "[CP] Check Pods Manifest.lock";
			outputFileListPaths = (
			);
			outputPaths = (
				"$(DERIVED_FILE_DIR)/Pods-LoginPageSwiftUI-checkManifestLockResult.txt",
			);
			runOnlyForDeploymentPostprocessing = 0;
			shellPath = /bin/sh;
			shellScript = "diff \"${PODS_PODFILE_DIR_PATH}/Podfile.lock\" \"${PODS_ROOT}/Manifest.lock\" > /dev/null\nif [ $? != 0 ] ; then\n    # print error to STDERR\n    echo \"error: The sandbox is not in sync with the Podfile.lock. Run 'pod install' or update your CocoaPods installation.\" >&2\n    exit 1\nfi\n# This output is used by Xcode 'outputs' to avoid re-running this script phase.\necho \"SUCCESS\" > \"${SCRIPT_OUTPUT_FILE_0}\"\n";
			showEnvVarsInLog = 0;
		};
/* End PBXShellScriptBuildPhase section */

/* Begin PBXSourcesBuildPhase section */
		51AFE2D828C6C89700D69B88 /* Sources */ = {
			isa = PBXSourcesBuildPhase;
			buildActionMask = 2147483647;
			files = (
				51FAF20D28C6D8FD0065BCA7 /* ServiceAPI.swift in Sources */,
				51FAF20928C6D5940065BCA7 /* ManagerAPI.swift in Sources */,
				51FAF21128C6DEF80065BCA7 /* Extension.swift in Sources */,
				51FAF21528C6E4590065BCA7 /* AppDelegate.swift in Sources */,
				51FAF21328C6E1650065BCA7 /* AppConstants.swift in Sources */,
				51FAF20F28C6DD2D0065BCA7 /* LoginViewModel.swift in Sources */,
				51AFE2E228C6C89700D69B88 /* ContentView.swift in Sources */,
				51FAF22228C87E600065BCA7 /* UserProfileView.swift in Sources */,
				51AFE2E028C6C89700D69B88 /* LoginPageSwiftUIApp.swift in Sources */,
				51FAF22028C87E1F0065BCA7 /* LoginView.swift in Sources */,
				51FAF20B28C6D6E50065BCA7 /* Models.swift in Sources */,
			);
			runOnlyForDeploymentPostprocessing = 0;
		};
/* End PBXSourcesBuildPhase section */

/* Begin XCBuildConfiguration section */
		51AFE2E828C6C89900D69B88 /* Debug */ = {
			isa = XCBuildConfiguration;
			buildSettings = {
				ALWAYS_SEARCH_USER_PATHS = NO;
				CLANG_ANALYZER_NONNULL = YES;
				CLANG_ANALYZER_NUMBER_OBJECT_CONVERSION = YES_AGGRESSIVE;
				CLANG_CXX_LANGUAGE_STANDARD = "gnu++17";
				CLANG_ENABLE_MODULES = YES;
				CLANG_ENABLE_OBJC_ARC = YES;
				CLANG_ENABLE_OBJC_WEAK = YES;
				CLANG_WARN_BLOCK_CAPTURE_AUTORELEASING = YES;
				CLANG_WARN_BOOL_CONVERSION = YES;
				CLANG_WARN_COMMA = YES;
				CLANG_WARN_CONSTANT_CONVERSION = YES;
				CLANG_WARN_DEPRECATED_OBJC_IMPLEMENTATIONS = YES;
				CLANG_WARN_DIRECT_OBJC_ISA_USAGE = YES_ERROR;
				CLANG_WARN_DOCUMENTATION_COMMENTS = YES;
				CLANG_WARN_EMPTY_BODY = YES;
				CLANG_WARN_ENUM_CONVERSION = YES;
				CLANG_WARN_INFINITE_RECURSION = YES;
				CLANG_WARN_INT_CONVERSION = YES;
				CLANG_WARN_NON_LITERAL_NULL_CONVERSION = YES;
				CLANG_WARN_OBJC_IMPLICIT_RETAIN_SELF = YES;
				CLANG_WARN_OBJC_LITERAL_CONVERSION = YES;
				CLANG_WARN_OBJC_ROOT_CLASS = YES_ERROR;
				CLANG_WARN_QUOTED_INCLUDE_IN_FRAMEWORK_HEADER = YES;
				CLANG_WARN_RANGE_LOOP_ANALYSIS = YES;
				CLANG_WARN_STRICT_PROTOTYPES = YES;
				CLANG_WARN_SUSPICIOUS_MOVE = YES;
				CLANG_WARN_UNGUARDED_AVAILABILITY = YES_AGGRESSIVE;
				CLANG_WARN_UNREACHABLE_CODE = YES;
				CLANG_WARN__DUPLICATE_METHOD_MATCH = YES;
				COPY_PHASE_STRIP = NO;
				DEBUG_INFORMATION_FORMAT = dwarf;
				ENABLE_STRICT_OBJC_MSGSEND = YES;
				ENABLE_TESTABILITY = YES;
				GCC_C_LANGUAGE_STANDARD = gnu11;
				GCC_DYNAMIC_NO_PIC = NO;
				GCC_NO_COMMON_BLOCKS = YES;
				GCC_OPTIMIZATION_LEVEL = 0;
				GCC_PREPROCESSOR_DEFINITIONS = (
					"DEBUG=1",
					"$(inherited)",
				);
				GCC_WARN_64_TO_32_BIT_CONVERSION = YES;
				GCC_WARN_ABOUT_RETURN_TYPE = YES_ERROR;
				GCC_WARN_UNDECLARED_SELECTOR = YES;
				GCC_WARN_UNINITIALIZED_AUTOS = YES_AGGRESSIVE;
				GCC_WARN_UNUSED_FUNCTION = YES;
				GCC_WARN_UNUSED_VARIABLE = YES;
				IPHONEOS_DEPLOYMENT_TARGET = 15.5;
				MTL_ENABLE_DEBUG_INFO = INCLUDE_SOURCE;
				MTL_FAST_MATH = YES;
				ONLY_ACTIVE_ARCH = YES;
				SDKROOT = iphoneos;
				SWIFT_ACTIVE_COMPILATION_CONDITIONS = DEBUG;
				SWIFT_OPTIMIZATION_LEVEL = "-Onone";
			};
			name = Debug;
		};
		51AFE2E928C6C89900D69B88 /* Release */ = {
			isa = XCBuildConfiguration;
			buildSettings = {
				ALWAYS_SEARCH_USER_PATHS = NO;
				CLANG_ANALYZER_NONNULL = YES;
				CLANG_ANALYZER_NUMBER_OBJECT_CONVERSION = YES_AGGRESSIVE;
				CLANG_CXX_LANGUAGE_STANDARD = "gnu++17";
				CLANG_ENABLE_MODULES = YES;
				CLANG_ENABLE_OBJC_ARC = YES;
				CLANG_ENABLE_OBJC_WEAK = YES;
				CLANG_WARN_BLOCK_CAPTURE_AUTORELEASING = YES;
				CLANG_WARN_BOOL_CONVERSION = YES;
				CLANG_WARN_COMMA = YES;
				CLANG_WARN_CONSTANT_CONVERSION = YES;
				CLANG_WARN_DEPRECATED_OBJC_IMPLEMENTATIONS = YES;
				CLANG_WARN_DIRECT_OBJC_ISA_USAGE = YES_ERROR;
				CLANG_WARN_DOCUMENTATION_COMMENTS = YES;
				CLANG_WARN_EMPTY_BODY = YES;
				CLANG_WARN_ENUM_CONVERSION = YES;
				CLANG_WARN_INFINITE_RECURSION = YES;
				CLANG_WARN_INT_CONVERSION = YES;
				CLANG_WARN_NON_LITERAL_NULL_CONVERSION = YES;
				CLANG_WARN_OBJC_IMPLICIT_RETAIN_SELF = YES;
				CLANG_WARN_OBJC_LITERAL_CONVERSION = YES;
				CLANG_WARN_OBJC_ROOT_CLASS = YES_ERROR;
				CLANG_WARN_QUOTED_INCLUDE_IN_FRAMEWORK_HEADER = YES;
				CLANG_WARN_RANGE_LOOP_ANALYSIS = YES;
				CLANG_WARN_STRICT_PROTOTYPES = YES;
				CLANG_WARN_SUSPICIOUS_MOVE = YES;
				CLANG_WARN_UNGUARDED_AVAILABILITY = YES_AGGRESSIVE;
				CLANG_WARN_UNREACHABLE_CODE = YES;
				CLANG_WARN__DUPLICATE_METHOD_MATCH = YES;
				COPY_PHASE_STRIP = NO;
				DEBUG_INFORMATION_FORMAT = "dwarf-with-dsym";
				ENABLE_NS_ASSERTIONS = NO;
				ENABLE_STRICT_OBJC_MSGSEND = YES;
				GCC_C_LANGUAGE_STANDARD = gnu11;
				GCC_NO_COMMON_BLOCKS = YES;
				GCC_WARN_64_TO_32_BIT_CONVERSION = YES;
				GCC_WARN_ABOUT_RETURN_TYPE = YES_ERROR;
				GCC_WARN_UNDECLARED_SELECTOR = YES;
				GCC_WARN_UNINITIALIZED_AUTOS = YES_AGGRESSIVE;
				GCC_WARN_UNUSED_FUNCTION = YES;
				GCC_WARN_UNUSED_VARIABLE = YES;
				IPHONEOS_DEPLOYMENT_TARGET = 15.5;
				MTL_ENABLE_DEBUG_INFO = NO;
				MTL_FAST_MATH = YES;
				SDKROOT = iphoneos;
				SWIFT_COMPILATION_MODE = wholemodule;
				SWIFT_OPTIMIZATION_LEVEL = "-O";
				VALIDATE_PRODUCT = YES;
			};
			name = Release;
		};
		51AFE2EB28C6C89900D69B88 /* Debug */ = {
			isa = XCBuildConfiguration;
			baseConfigurationReference = B146C558D712C9F76452152B /* Pods-LoginPageSwiftUI.debug.xcconfig */;
			buildSettings = {
				ASSETCATALOG_COMPILER_APPICON_NAME = AppIcon;
				ASSETCATALOG_COMPILER_GLOBAL_ACCENT_COLOR_NAME = AccentColor;
				CODE_SIGN_STYLE = Automatic;
				CURRENT_PROJECT_VERSION = 1;
				DEVELOPMENT_ASSET_PATHS = "\"LoginPageSwiftUI/Preview Content\"";
				DEVELOPMENT_TEAM = Z38TVJ88W4;
				ENABLE_PREVIEWS = YES;
				GENERATE_INFOPLIST_FILE = YES;
				INFOPLIST_KEY_UIApplicationSceneManifest_Generation = YES;
				INFOPLIST_KEY_UIApplicationSupportsIndirectInputEvents = YES;
				INFOPLIST_KEY_UILaunchScreen_Generation = YES;
				INFOPLIST_KEY_UISupportedInterfaceOrientations_iPad = "UIInterfaceOrientationPortrait UIInterfaceOrientationPortraitUpsideDown UIInterfaceOrientationLandscapeLeft UIInterfaceOrientationLandscapeRight";
				INFOPLIST_KEY_UISupportedInterfaceOrientations_iPhone = "UIInterfaceOrientationPortrait UIInterfaceOrientationLandscapeLeft UIInterfaceOrientationLandscapeRight";
				LD_RUNPATH_SEARCH_PATHS = (
					"$(inherited)",
					"@executable_path/Frameworks",
				);
				MARKETING_VERSION = 1.0;
				PRODUCT_BUNDLE_IDENTIFIER = com.farendza.academy.LoginPageSwiftUI;
				PRODUCT_NAME = "$(TARGET_NAME)";
				SWIFT_EMIT_LOC_STRINGS = YES;
				SWIFT_VERSION = 5.0;
				TARGETED_DEVICE_FAMILY = "1,2";
			};
			name = Debug;
		};
		51AFE2EC28C6C89900D69B88 /* Release */ = {
			isa = XCBuildConfiguration;
			baseConfigurationReference = 344F2705F521F62683E84A0F /* Pods-LoginPageSwiftUI.release.xcconfig */;
			buildSettings = {
				ASSETCATALOG_COMPILER_APPICON_NAME = AppIcon;
				ASSETCATALOG_COMPILER_GLOBAL_ACCENT_COLOR_NAME = AccentColor;
				CODE_SIGN_STYLE = Automatic;
				CURRENT_PROJECT_VERSION = 1;
				DEVELOPMENT_ASSET_PATHS = "\"LoginPageSwiftUI/Preview Content\"";
				DEVELOPMENT_TEAM = Z38TVJ88W4;
				ENABLE_PREVIEWS = YES;
				GENERATE_INFOPLIST_FILE = YES;
				INFOPLIST_KEY_UIApplicationSceneManifest_Generation = YES;
				INFOPLIST_KEY_UIApplicationSupportsIndirectInputEvents = YES;
				INFOPLIST_KEY_UILaunchScreen_Generation = YES;
				INFOPLIST_KEY_UISupportedInterfaceOrientations_iPad = "UIInterfaceOrientationPortrait UIInterfaceOrientationPortraitUpsideDown UIInterfaceOrientationLandscapeLeft UIInterfaceOrientationLandscapeRight";
				INFOPLIST_KEY_UISupportedInterfaceOrientations_iPhone = "UIInterfaceOrientationPortrait UIInterfaceOrientationLandscapeLeft UIInterfaceOrientationLandscapeRight";
				LD_RUNPATH_SEARCH_PATHS = (
					"$(inherited)",
					"@executable_path/Frameworks",
				);
				MARKETING_VERSION = 1.0;
				PRODUCT_BUNDLE_IDENTIFIER = com.farendza.academy.LoginPageSwiftUI;
				PRODUCT_NAME = "$(TARGET_NAME)";
				SWIFT_EMIT_LOC_STRINGS = YES;
				SWIFT_VERSION = 5.0;
				TARGETED_DEVICE_FAMILY = "1,2";
			};
			name = Release;
		};
/* End XCBuildConfiguration section */

/* Begin XCConfigurationList section */
		51AFE2D728C6C89700D69B88 /* Build configuration list for PBXProject "LoginPageSwiftUI" */ = {
			isa = XCConfigurationList;
			buildConfigurations = (
				51AFE2E828C6C89900D69B88 /* Debug */,
				51AFE2E928C6C89900D69B88 /* Release */,
			);
			defaultConfigurationIsVisible = 0;
			defaultConfigurationName = Release;
		};
		51AFE2EA28C6C89900D69B88 /* Build configuration list for PBXNativeTarget "LoginPageSwiftUI" */ = {
			isa = XCConfigurationList;
			buildConfigurations = (
				51AFE2EB28C6C89900D69B88 /* Debug */,
				51AFE2EC28C6C89900D69B88 /* Release */,
			);
			defaultConfigurationIsVisible = 0;
			defaultConfigurationName = Release;
		};
/* End XCConfigurationList section */
	};
	rootObject = 51AFE2D428C6C89700D69B88 /* Project object */;
}
